
Microsoft Visual Studio Solution File, Format Version 12.00
# Visual Studio Version 16
VisualStudioVersion = 16.0.29509.3
MinimumVisualStudioVersion = 10.0.40219.1
Project("{FAE04EC0-301F-11D3-BF4B-00C04F79EFBC}") = "Web Application for Claimy", "Web Application for Claimy\Web Application for Claimy.csproj", "{F22E60C5-6071-4DA4-9AC1-6B74D7EC2BA2}"
EndProject
Global
	GlobalSection(SolutionConfigurationPlatforms) = preSolution
		Debug|Any CPU = Debug|Any CPU
		Release|Any CPU = Release|Any CPU
	EndGlobalSection
	GlobalSection(ProjectConfigurationPlatforms) = postSolution
		{F22E60C5-6071-4DA4-9AC1-6B74D7EC2BA2}.Debug|Any CPU.ActiveCfg = Debug|Any CPU
		{F22E60C5-6071-4DA4-9AC1-6B74D7EC2BA2}.Debug|Any CPU.Build.0 = Debug|Any CPU
		{F22E60C5-6071-4DA4-9AC1-6B74D7EC2BA2}.Release|Any CPU.ActiveCfg = Release|Any CPU
		{F22E60C5-6071-4DA4-9AC1-6B74D7EC2BA2}.Release|Any CPU.Build.0 = Release|Any CPU
	EndGlobalSection
	GlobalSection(SolutionProperties) = preSolution
		HideSolutionNode = FALSE
	EndGlobalSection
	GlobalSection(ExtensibilityGlobals) = postSolution
		SolutionGuid = {3448390E-1F75-4245-8A60-D8AE1C448AEE}
	EndGlobalSection
EndGlobal
